
Microsoft Visual Studio Solution File, Format Version 12.00
# Visual Studio 15
VisualStudioVersion = 15.0.27130.2036
MinimumVisualStudioVersion = 10.0.40219.1
Project("{FAE04EC0-301F-11D3-BF4B-00C04F79EFBC}") = "GitHubApp", "GitHubApp\GitHubApp.csproj", "{F318B151-6A62-408D-BE41-587CA9FABDAB}"
EndProject
Project("{FAE04EC0-301F-11D3-BF4B-00C04F79EFBC}") = "GitHubApp.Test", "GitHubApp.Test\GitHubApp.Test.csproj", "{4255A04D-86F6-4253-A7AE-BB70FADDE99C}"
EndProject
Global
	GlobalSection(SolutionConfigurationPlatforms) = preSolution
		Debug|Any CPU = Debug|Any CPU
		Release|Any CPU = Release|Any CPU
	EndGlobalSection
	GlobalSection(ProjectConfigurationPlatforms) = postSolution
		{F318B151-6A62-408D-BE41-587CA9FABDAB}.Debug|Any CPU.ActiveCfg = Debug|Any CPU
		{F318B151-6A62-408D-BE41-587CA9FABDAB}.Debug|Any CPU.Build.0 = Debug|Any CPU
		{F318B151-6A62-408D-BE41-587CA9FABDAB}.Release|Any CPU.ActiveCfg = Release|Any CPU
		{F318B151-6A62-408D-BE41-587CA9FABDAB}.Release|Any CPU.Build.0 = Release|Any CPU
		{4255A04D-86F6-4253-A7AE-BB70FADDE99C}.Debug|Any CPU.ActiveCfg = Debug|Any CPU
		{4255A04D-86F6-4253-A7AE-BB70FADDE99C}.Debug|Any CPU.Build.0 = Debug|Any CPU
		{4255A04D-86F6-4253-A7AE-BB70FADDE99C}.Release|Any CPU.ActiveCfg = Release|Any CPU
		{4255A04D-86F6-4253-A7AE-BB70FADDE99C}.Release|Any CPU.Build.0 = Release|Any CPU
	EndGlobalSection
	GlobalSection(SolutionProperties) = preSolution
		HideSolutionNode = FALSE
	EndGlobalSection
	GlobalSection(ExtensibilityGlobals) = postSolution
		SolutionGuid = {6CD56035-340C-4783-AFED-F4CF40502B53}
	EndGlobalSection
EndGlobal
